
Microsoft Visual Studio Solution File, Format Version 12.00
# Visual Studio 2013
Project("{FAE04EC0-301F-11D3-BF4B-00C04F79EFBC}") = "UnityVS.MusicKnower.CSharp", "UnityVS.MusicKnower.CSharp.csproj", "{4F57A3A2-900E-6F00-7236-E44DB4C458D0}"
EndProject
Global
	GlobalSection(SolutionConfigurationPlatforms) = preSolution
		Debug|Any CPU = Debug|Any CPU
		Release|Any CPU = Release|Any CPU
	EndGlobalSection
	GlobalSection(ProjectConfigurationPlatforms) = postSolution
		{4F57A3A2-900E-6F00-7236-E44DB4C458D0}.Debug|Any CPU.ActiveCfg = Debug|Any CPU
		{4F57A3A2-900E-6F00-7236-E44DB4C458D0}.Debug|Any CPU.Build.0 = Debug|Any CPU
		{4F57A3A2-900E-6F00-7236-E44DB4C458D0}.Release|Any CPU.ActiveCfg = Release|Any CPU
		{4F57A3A2-900E-6F00-7236-E44DB4C458D0}.Release|Any CPU.Build.0 = Release|Any CPU
	EndGlobalSection
	GlobalSection(SolutionProperties) = preSolution
		HideSolutionNode = FALSE
	EndGlobalSection
EndGlobal
